
Microsoft Visual Studio Solution File, Format Version 12.00
# Visual Studio 15
VisualStudioVersion = 15.0.28307.960
MinimumVisualStudioVersion = 10.0.40219.1
Project("{FAE04EC0-301F-11D3-BF4B-00C04F79EFBC}") = "Titan2SettingsManager", "Titan2SettingsManager\Titan2SettingsManager.csproj", "{E2EAE462-956B-47B7-ADE8-70C2CF546DAD}"
EndProject
Global
	GlobalSection(SolutionConfigurationPlatforms) = preSolution
		Debug|Any CPU = Debug|Any CPU
		Release|Any CPU = Release|Any CPU
	EndGlobalSection
	GlobalSection(ProjectConfigurationPlatforms) = postSolution
		{E2EAE462-956B-47B7-ADE8-70C2CF546DAD}.Debug|Any CPU.ActiveCfg = Debug|Any CPU
		{E2EAE462-956B-47B7-ADE8-70C2CF546DAD}.Debug|Any CPU.Build.0 = Debug|Any CPU
		{E2EAE462-956B-47B7-ADE8-70C2CF546DAD}.Release|Any CPU.ActiveCfg = Release|Any CPU
		{E2EAE462-956B-47B7-ADE8-70C2CF546DAD}.Release|Any CPU.Build.0 = Release|Any CPU
	EndGlobalSection
	GlobalSection(SolutionProperties) = preSolution
		HideSolutionNode = FALSE
	EndGlobalSection
	GlobalSection(ExtensibilityGlobals) = postSolution
		SolutionGuid = {EA1932B8-B20C-4971-89CF-6D070925B6A4}
	EndGlobalSection
EndGlobal
